
Microsoft Visual Studio Solution File, Format Version 12.00
# Visual Studio Version 16
VisualStudioVersion = 16.0.30204.135
MinimumVisualStudioVersion = 10.0.40219.1
Project("{FAE04EC0-301F-11D3-BF4B-00C04F79EFBC}") = "SkillsTracker", "SkillsTracker\SkillsTracker.csproj", "{250F739C-6BD2-4AE3-B5EE-3FA0E4ECE998}"
EndProject
Global
	GlobalSection(SolutionConfigurationPlatforms) = preSolution
		Debug|Any CPU = Debug|Any CPU
		Release|Any CPU = Release|Any CPU
	EndGlobalSection
	GlobalSection(ProjectConfigurationPlatforms) = postSolution
		{250F739C-6BD2-4AE3-B5EE-3FA0E4ECE998}.Debug|Any CPU.ActiveCfg = Debug|Any CPU
		{250F739C-6BD2-4AE3-B5EE-3FA0E4ECE998}.Debug|Any CPU.Build.0 = Debug|Any CPU
		{250F739C-6BD2-4AE3-B5EE-3FA0E4ECE998}.Release|Any CPU.ActiveCfg = Release|Any CPU
		{250F739C-6BD2-4AE3-B5EE-3FA0E4ECE998}.Release|Any CPU.Build.0 = Release|Any CPU
	EndGlobalSection
	GlobalSection(SolutionProperties) = preSolution
		HideSolutionNode = FALSE
	EndGlobalSection
	GlobalSection(ExtensibilityGlobals) = postSolution
		SolutionGuid = {6DECFFF4-B1D6-4302-B8CC-B4D9679BBE8A}
	EndGlobalSection
EndGlobal
